
Microsoft Visual Studio Solution File, Format Version 12.00
# Visual Studio 15
VisualStudioVersion = 15.0.28010.2046
MinimumVisualStudioVersion = 10.0.40219.1
Project("{FAE04EC0-301F-11D3-BF4B-00C04F79EFBC}") = "COMP123-S2019-Lab10-300614352", "COMP123-S2019-Lab10-300614352\COMP123-S2019-Lab10-300614352.csproj", "{7F7352F6-4F3B-4569-B72A-1D4A78D8C684}"
EndProject
Global
	GlobalSection(SolutionConfigurationPlatforms) = preSolution
		Debug|Any CPU = Debug|Any CPU
		Release|Any CPU = Release|Any CPU
	EndGlobalSection
	GlobalSection(ProjectConfigurationPlatforms) = postSolution
		{7F7352F6-4F3B-4569-B72A-1D4A78D8C684}.Debug|Any CPU.ActiveCfg = Debug|Any CPU
		{7F7352F6-4F3B-4569-B72A-1D4A78D8C684}.Debug|Any CPU.Build.0 = Debug|Any CPU
		{7F7352F6-4F3B-4569-B72A-1D4A78D8C684}.Release|Any CPU.ActiveCfg = Release|Any CPU
		{7F7352F6-4F3B-4569-B72A-1D4A78D8C684}.Release|Any CPU.Build.0 = Release|Any CPU
	EndGlobalSection
	GlobalSection(SolutionProperties) = preSolution
		HideSolutionNode = FALSE
	EndGlobalSection
	GlobalSection(ExtensibilityGlobals) = postSolution
		SolutionGuid = {4BD3E9B0-C710-400E-B638-0DCBD2F72162}
	EndGlobalSection
EndGlobal
